
Microsoft Visual Studio Solution File, Format Version 12.00
# Visual Studio Version 17
VisualStudioVersion = 17.14.36203.30 d17.14
MinimumVisualStudioVersion = 10.0.40219.1
Project("{FAE04EC0-301F-11D3-BF4B-00C04F79EFBC}") = "Calculator", "Calculator.csproj", "{287B10D6-7FA9-4451-811C-E1B8E9B6E502}"
EndProject
Global
	GlobalSection(SolutionConfigurationPlatforms) = preSolution
		Debug|Any CPU = Debug|Any CPU
		Release|Any CPU = Release|Any CPU
	EndGlobalSection
	GlobalSection(ProjectConfigurationPlatforms) = postSolution
		{287B10D6-7FA9-4451-811C-E1B8E9B6E502}.Debug|Any CPU.ActiveCfg = Debug|Any CPU
		{287B10D6-7FA9-4451-811C-E1B8E9B6E502}.Debug|Any CPU.Build.0 = Debug|Any CPU
		{287B10D6-7FA9-4451-811C-E1B8E9B6E502}.Release|Any CPU.ActiveCfg = Release|Any CPU
		{287B10D6-7FA9-4451-811C-E1B8E9B6E502}.Release|Any CPU.Build.0 = Release|Any CPU
	EndGlobalSection
	GlobalSection(SolutionProperties) = preSolution
		HideSolutionNode = FALSE
	EndGlobalSection
	GlobalSection(ExtensibilityGlobals) = postSolution
		SolutionGuid = {7C4A9C51-1C9F-4BEB-95FE-9994D041CFA2}
	EndGlobalSection
EndGlobal
